
Microsoft Visual Studio Solution File, Format Version 12.00
# Visual Studio Version 17
VisualStudioVersion = 17.10.35027.167
MinimumVisualStudioVersion = 10.0.40219.1
Project("{FAE04EC0-301F-11D3-BF4B-00C04F79EFBC}") = "LinkedListSeries", "LinkedListSeries\LinkedListSeries.csproj", "{CCA4BD17-2478-468D-9DCB-94B2635BBF7B}"
EndProject
Global
	GlobalSection(SolutionConfigurationPlatforms) = preSolution
		Debug|Any CPU = Debug|Any CPU
		Release|Any CPU = Release|Any CPU
	EndGlobalSection
	GlobalSection(ProjectConfigurationPlatforms) = postSolution
		{CCA4BD17-2478-468D-9DCB-94B2635BBF7B}.Debug|Any CPU.ActiveCfg = Debug|Any CPU
		{CCA4BD17-2478-468D-9DCB-94B2635BBF7B}.Debug|Any CPU.Build.0 = Debug|Any CPU
		{CCA4BD17-2478-468D-9DCB-94B2635BBF7B}.Release|Any CPU.ActiveCfg = Release|Any CPU
		{CCA4BD17-2478-468D-9DCB-94B2635BBF7B}.Release|Any CPU.Build.0 = Release|Any CPU
	EndGlobalSection
	GlobalSection(SolutionProperties) = preSolution
		HideSolutionNode = FALSE
	EndGlobalSection
	GlobalSection(ExtensibilityGlobals) = postSolution
		SolutionGuid = {E0A96E99-FCDE-4F3F-B8E5-8AF8919196F6}
	EndGlobalSection
EndGlobal
